PODS:
  - Alamofire (4.5.1)
  - HandyJSON (4.0.0-beta.1)
  - SDWebImage (4.1.2):
    - SDWebImage/Core (= 4.1.2)
  - SDWebImage/Core (4.1.2)
  - SnapKit (4.0.0)
  - SwiftyJSON (3.1.4)

DEPENDENCIES:
  - Alamofire (~> 4.5)
  - HandyJSON (~> 4.0.0-beta.1)
  - SDWebImage
  - SnapKit
  - SwiftyJSON

SPEC CHECKSUMS:
  Alamofire: 2d95912bf4c34f164fdfc335872e8c312acaea4a
  HandyJSON: 428bb18e2c34c2a77361accebf90cf64e4f74118
  SDWebImage: cb6f9f266a9977741efcbc21e618e8be3734c774
  SnapKit: a42d492c16e80209130a3379f73596c3454b7694
  SwiftyJSON: c2842d878f95482ffceec5709abc3d05680c0220

PODFILE CHECKSUM: e4641225929e19037c1706de6e62ca51da8004e9

COCOAPODS: 1.2.1
